// !$*UTF8*$!
{
	archiveVersion = 1;
	classes = {
	};
	objectVersion = 55;
	objects = {

/* Begin PBXBuildFile section */
		BF3A437A27D4D811001374EC /* AppDelegate.swift in Sources */ = {isa = PBXBuildFile; fileRef = BF3A437927D4D811001374EC /* AppDelegate.swift */; };
		BF3A437C27D4D811001374EC /* SceneDelegate.swift in Sources */ = {isa = PBXBuildFile; fileRef = BF3A437B27D4D811001374EC /* SceneDelegate.swift */; };
		BF3A437E27D4D811001374EC /* ViewController.swift in Sources */ = {isa = PBXBuildFile; fileRef = BF3A437D27D4D811001374EC /* ViewController.swift */; };
		BF3A438127D4D811001374EC /* Main.storyboard in Resources */ = {isa = PBXBuildFile; fileRef = BF3A437F27D4D811001374EC /* Main.storyboard */; };
		BF3A438327D4D812001374EC /* Assets.xcassets in Resources */ = {isa = PBXBuildFile; fileRef = BF3A438227D4D812001374EC /* Assets.xcassets */; };
		BF3A438627D4D812001374EC /* LaunchScreen.storyboard in Resources */ = {isa = PBXBuildFile; fileRef = BF3A438427D4D812001374EC /* LaunchScreen.storyboard */; };
		BF3A439127D4D812001374EC /* RoadToLegendsTests.swift in Sources */ = {isa = PBXBuildFile; fileRef = BF3A439027D4D812001374EC /* RoadToLegendsTests.swift */; };
		BF3A439B27D4D812001374EC /* RoadToLegendsUITests.swift in Sources */ = {isa = PBXBuildFile; fileRef = BF3A439A27D4D812001374EC /* RoadToLegendsUITests.swift */; };
		BF3A439D27D4D812001374EC /* RoadToLegendsUITestsLaunchTests.swift in Sources */ = {isa = PBXBuildFile; fileRef = BF3A439C27D4D812001374EC /* RoadToLegendsUITestsLaunchTests.swift */; };
/* End PBXBuildFile section */

/* Begin PBXContainerItemProxy section */
		BF3A438D27D4D812001374EC /* PBXContainerItemProxy */ = {
			isa = PBXContainerItemProxy;
			containerPortal = BF3A436E27D4D811001374EC /* Project object */;
			proxyType = 1;
			remoteGlobalIDString = BF3A437527D4D811001374EC;
			remoteInfo = RoadToLegends;
		};
		BF3A439727D4D812001374EC /* PBXContainerItemProxy */ = {
			isa = PBXContainerItemProxy;
			containerPortal = BF3A436E27D4D811001374EC /* Project object */;
			proxyType = 1;
			remoteGlobalIDString = BF3A437527D4D811001374EC;
			remoteInfo = RoadToLegends;
		};
/* End PBXContainerItemProxy section */

/* Begin PBXFileReference section */
		BF3A437627D4D811001374EC /* RoadToLegends.app */ = {isa = PBXFileReference; explicitFileType = wrapper.application; includeInIndex = 0; path = RoadToLegends.app; sourceTree = BUILT_PRODUCTS_DIR; };
		BF3A437927D4D811001374EC /* AppDelegate.swift */ = {isa = PBXFileReference; lastKnownFileType = sourcecode.swift; path = AppDelegate.swift; sourceTree = "<group>"; };
		BF3A437B27D4D811001374EC /* SceneDelegate.swift */ = {isa = PBXFileReference; lastKnownFileType = sourcecode.swift; path = SceneDelegate.swift; sourceTree = "<group>"; };
		BF3A437D27D4D811001374EC /* ViewController.swift */ = {isa = PBXFileReference; lastKnownFileType = sourcecode.swift; path = ViewController.swift; sourceTree = "<group>"; };
		BF3A438027D4D811001374EC /* Base */ = {isa = PBXFileReference; lastKnownFileType = file.storyboard; name = Base; path = Base.lproj/Main.storyboard; sourceTree = "<group>"; };
		BF3A438227D4D812001374EC /* Assets.xcassets */ = {isa = PBXFileReference; lastKnownFileType = folder.assetcatalog; path = Assets.xcassets; sourceTree = "<group>"; };
		BF3A438527D4D812001374EC /* Base */ = {isa = PBXFileReference; lastKnownFileType = file.storyboard; name = Base; path = Base.lproj/LaunchScreen.storyboard; sourceTree = "<group>"; };
		BF3A438727D4D812001374EC /* Info.plist */ = {isa = PBXFileReference; lastKnownFileType = text.plist.xml; path = Info.plist; sourceTree = "<group>"; };
		BF3A438C27D4D812001374EC /* RoadToLegendsTests.xctest */ = {isa = PBXFileReference; explicitFileType = wrapper.cfbundle; includeInIndex = 0; path = RoadToLegendsTests.xctest; sourceTree = BUILT_PRODUCTS_DIR; };
		BF3A439027D4D812001374EC /* RoadToLegendsTests.swift */ = {isa = PBXFileReference; lastKnownFileType = sourcecode.swift; path = RoadToLegendsTests.swift; sourceTree = "<group>"; };
		BF3A439627D4D812001374EC /* RoadToLegendsUITests.xctest */ = {isa = PBXFileReference; explicitFileType = wrapper.cfbundle; includeInIndex = 0; path = RoadToLegendsUITests.xctest; sourceTree = BUILT_PRODUCTS_DIR; };
		BF3A439A27D4D812001374EC /* RoadToLegendsUITests.swift */ = {isa = PBXFileReference; lastKnownFileType = sourcecode.swift; path = RoadToLegendsUITests.swift; sourceTree = "<group>"; };
		BF3A439C27D4D812001374EC /* RoadToLegendsUITestsLaunchTests.swift */ = {isa = PBXFileReference; lastKnownFileType = sourcecode.swift; path = RoadToLegendsUITestsLaunchTests.swift; sourceTree = "<group>"; };
/* End PBXFileReference section */

/* Begin PBXFrameworksBuildPhase section */
		BF3A437327D4D811001374EC /* Frameworks */ = {
			isa = PBXFrameworksBuildPhase;
			buildActionMask = 2147483647;
			files = (
			);
			runOnlyForDeploymentPostprocessing = 0;
		};
		BF3A438927D4D812001374EC /* Frameworks */ = {
			isa = PBXFrameworksBuildPhase;
			buildActionMask = 2147483647;
			files = (
			);
			runOnlyForDeploymentPostprocessing = 0;
		};
		BF3A439327D4D812001374EC /* Frameworks */ = {
			isa = PBXFrameworksBuildPhase;
			buildActionMask = 2147483647;
			files = (
			);
			runOnlyForDeploymentPostprocessing = 0;
		};
/* End PBXFrameworksBuildPhase section */

/* Begin PBXGroup section */
		BF3A436D27D4D811001374EC = {
			isa = PBXGroup;
			children = (
				BF3A437827D4D811001374EC /* RoadToLegends */,
				BF3A438F27D4D812001374EC /* RoadToLegendsTests */,
				BF3A439927D4D812001374EC /* RoadToLegendsUITests */,
				BF3A437727D4D811001374EC /* Products */,
			);
			sourceTree = "<group>";
		};
		BF3A437727D4D811001374EC /* Products */ = {
			isa = PBXGroup;
			children = (
				BF3A437627D4D811001374EC /* RoadToLegends.app */,
				BF3A438C27D4D812001374EC /* RoadToLegendsTests.xctest */,
				BF3A439627D4D812001374EC /* RoadToLegendsUITests.xctest */,
			);
			name = Products;
			sourceTree = "<group>";
		};
		BF3A437827D4D811001374EC /* RoadToLegends */ = {
			isa = PBXGroup;
			children = (
				BF3A437927D4D811001374EC /* AppDelegate.swift */,
				BF3A437B27D4D811001374EC /* SceneDelegate.swift */,
				BF3A437D27D4D811001374EC /* ViewController.swift */,
				BF3A437F27D4D811001374EC /* Main.storyboard */,
				BF3A438227D4D812001374EC /* Assets.xcassets */,
				BF3A438427D4D812001374EC /* LaunchScreen.storyboard */,
				BF3A438727D4D812001374EC /* Info.plist */,
			);
			path = RoadToLegends;
			sourceTree = "<group>";
		};
		BF3A438F27D4D812001374EC /* RoadToLegendsTests */ = {
			isa = PBXGroup;
			children = (
				BF3A439027D4D812001374EC /* RoadToLegendsTests.swift */,
			);
			path = RoadToLegendsTests;
			sourceTree = "<group>";
		};
		BF3A439927D4D812001374EC /* RoadToLegendsUITests */ = {
			isa = PBXGroup;
			children = (
				BF3A439A27D4D812001374EC /* RoadToLegendsUITests.swift */,
				BF3A439C27D4D812001374EC /* RoadToLegendsUITestsLaunchTests.swift */,
			);
			path = RoadToLegendsUITests;
			sourceTree = "<group>";
		};
/* End PBXGroup section */

/* Begin PBXNativeTarget section */
		BF3A437527D4D811001374EC /* RoadToLegends */ = {
			isa = PBXNativeTarget;
			buildConfigurationList = BF3A43A027D4D812001374EC /* Build configuration list for PBXNativeTarget "RoadToLegends" */;
			buildPhases = (
				BF3A437227D4D811001374EC /* Sources */,
				BF3A437327D4D811001374EC /* Frameworks */,
				BF3A437427D4D811001374EC /* Resources */,
			);
			buildRules = (
			);
			dependencies = (
			);
			name = RoadToLegends;
			productName = RoadToLegends;
			productReference = BF3A437627D4D811001374EC /* RoadToLegends.app */;
			productType = "com.apple.product-type.application";
		};
		BF3A438B27D4D812001374EC /* RoadToLegendsTests */ = {
			isa = PBXNativeTarget;
			buildConfigurationList = BF3A43A327D4D812001374EC /* Build configuration list for PBXNativeTarget "RoadToLegendsTests" */;
			buildPhases = (
				BF3A438827D4D812001374EC /* Sources */,
				BF3A438927D4D812001374EC /* Frameworks */,
				BF3A438A27D4D812001374EC /* Resources */,
			);
			buildRules = (
			);
			dependencies = (
				BF3A438E27D4D812001374EC /* PBXTargetDependency */,
			);
			name = RoadToLegendsTests;
			productName = RoadToLegendsTests;
			productReference = BF3A438C27D4D812001374EC /* RoadToLegendsTests.xctest */;
			productType = "com.apple.product-type.bundle.unit-test";
		};
		BF3A439527D4D812001374EC /* RoadToLegendsUITests */ = {
			isa = PBXNativeTarget;
			buildConfigurationList = BF3A43A627D4D812001374EC /* Build configuration list for PBXNativeTarget "RoadToLegendsUITests" */;
			buildPhases = (
				BF3A439227D4D812001374EC /* Sources */,
				BF3A439327D4D812001374EC /* Frameworks */,
				BF3A439427D4D812001374EC /* Resources */,
			);
			buildRules = (
			);
			dependencies = (
				BF3A439827D4D812001374EC /* PBXTargetDependency */,
			);
			name = RoadToLegendsUITests;
			productName = RoadToLegendsUITests;
			productReference = BF3A439627D4D812001374EC /* RoadToLegendsUITests.xctest */;
			productType = "com.apple.product-type.bundle.ui-testing";
		};
/* End PBXNativeTarget section */

/* Begin PBXProject section */
		BF3A436E27D4D811001374EC /* Project object */ = {
			isa = PBXProject;
			attributes = {
				BuildIndependentTargetsInParallel = 1;
				LastSwiftUpdateCheck = 1320;
				LastUpgradeCheck = 1320;
				TargetAttributes = {
					BF3A437527D4D811001374EC = {
						CreatedOnToolsVersion = 13.2.1;
					};
					BF3A438B27D4D812001374EC = {
						CreatedOnToolsVersion = 13.2.1;
						TestTargetID = BF3A437527D4D811001374EC;
					};
					BF3A439527D4D812001374EC = {
						CreatedOnToolsVersion = 13.2.1;
						TestTargetID = BF3A437527D4D811001374EC;
					};
				};
			};
			buildConfigurationList = BF3A437127D4D811001374EC /* Build configuration list for PBXProject "RoadToLegends" */;
			compatibilityVersion = "Xcode 13.0";
			developmentRegion = en;
			hasScannedForEncodings = 0;
			knownRegions = (
				en,
				Base,
			);
			mainGroup = BF3A436D27D4D811001374EC;
			productRefGroup = BF3A437727D4D811001374EC /* Products */;
			projectDirPath = "";
			projectRoot = "";
			targets = (
				BF3A437527D4D811001374EC /* RoadToLegends */,
				BF3A438B27D4D812001374EC /* RoadToLegendsTests */,
				BF3A439527D4D812001374EC /* RoadToLegendsUITests */,
			);
		};
/* End PBXProject section */

/* Begin PBXResourcesBuildPhase section */
		BF3A437427D4D811001374EC /* Resources */ = {
			isa = PBXResourcesBuildPhase;
			buildActionMask = 2147483647;
			files = (
				BF3A438627D4D812001374EC /* LaunchScreen.storyboard in Resources */,
				BF3A438327D4D812001374EC /* Assets.xcassets in Resources */,
				BF3A438127D4D811001374EC /* Main.storyboard in Resources */,
			);
			runOnlyForDeploymentPostprocessing = 0;
		};
		BF3A438A27D4D812001374EC /* Resources */ = {
			isa = PBXResourcesBuildPhase;
			buildActionMask = 2147483647;
			files = (
			);
			runOnlyForDeploymentPostprocessing = 0;
		};
		BF3A439427D4D812001374EC /* Resources */ = {
			isa = PBXResourcesBuildPhase;
			buildActionMask = 2147483647;
			files = (
			);
			runOnlyForDeploymentPostprocessing = 0;
		};
/* End PBXResourcesBuildPhase section */

/* Begin PBXSourcesBuildPhase section */
		BF3A437227D4D811001374EC /* Sources */ = {
			isa = PBXSourcesBuildPhase;
			buildActionMask = 2147483647;
			files = (
				BF3A437E27D4D811001374EC /* ViewController.swift in Sources */,
				BF3A437A27D4D811001374EC /* AppDelegate.swift in Sources */,
				BF3A437C27D4D811001374EC /* SceneDelegate.swift in Sources */,
			);
			runOnlyForDeploymentPostprocessing = 0;
		};
		BF3A438827D4D812001374EC /* Sources */ = {
			isa = PBXSourcesBuildPhase;
			buildActionMask = 2147483647;
			files = (
				BF3A439127D4D812001374EC /* RoadToLegendsTests.swift in Sources */,
			);
			runOnlyForDeploymentPostprocessing = 0;
		};
		BF3A439227D4D812001374EC /* Sources */ = {
			isa = PBXSourcesBuildPhase;
			buildActionMask = 2147483647;
			files = (
				BF3A439D27D4D812001374EC /* RoadToLegendsUITestsLaunchTests.swift in Sources */,
				BF3A439B27D4D812001374EC /* RoadToLegendsUITests.swift in Sources */,
			);
			runOnlyForDeploymentPostprocessing = 0;
		};
/* End PBXSourcesBuildPhase section */

/* Begin PBXTargetDependency section */
		BF3A438E27D4D812001374EC /* PBXTargetDependency */ = {
			isa = PBXTargetDependency;
			target = BF3A437527D4D811001374EC /* RoadToLegends */;
			targetProxy = BF3A438D27D4D812001374EC /* PBXContainerItemProxy */;
		};
		BF3A439827D4D812001374EC /* PBXTargetDependency */ = {
			isa = PBXTargetDependency;
			target = BF3A437527D4D811001374EC /* RoadToLegends */;
			targetProxy = BF3A439727D4D812001374EC /* PBXContainerItemProxy */;
		};
/* End PBXTargetDependency section */

/* Begin PBXVariantGroup section */
		BF3A437F27D4D811001374EC /* Main.storyboard */ = {
			isa = PBXVariantGroup;
			children = (
				BF3A438027D4D811001374EC /* Base */,
			);
			name = Main.storyboard;
			sourceTree = "<group>";
		};
		BF3A438427D4D812001374EC /* LaunchScreen.storyboard */ = {
			isa = PBXVariantGroup;
			children = (
				BF3A438527D4D812001374EC /* Base */,
			);
			name = LaunchScreen.storyboard;
			sourceTree = "<group>";
		};
/* End PBXVariantGroup section */

/* Begin XCBuildConfiguration section */
		BF3A439E27D4D812001374EC /* Debug */ = {
			isa = XCBuildConfiguration;
			buildSettings = {
				ALWAYS_SEARCH_USER_PATHS = NO;
				CLANG_ANALYZER_NONNULL = YES;
				CLANG_ANALYZER_NUMBER_OBJECT_CONVERSION = YES_AGGRESSIVE;
				CLANG_CXX_LANGUAGE_STANDARD = "gnu++17";
				CLANG_CXX_LIBRARY = "libc++";
				CLANG_ENABLE_MODULES = YES;
				CLANG_ENABLE_OBJC_ARC = YES;
				CLANG_ENABLE_OBJC_WEAK = YES;
				CLANG_WARN_BLOCK_CAPTURE_AUTORELEASING = YES;
				CLANG_WARN_BOOL_CONVERSION = YES;
				CLANG_WARN_COMMA = YES;
				CLANG_WARN_CONSTANT_CONVERSION = YES;
				CLANG_WARN_DEPRECATED_OBJC_IMPLEMENTATIONS = YES;
				CLANG_WARN_DIRECT_OBJC_ISA_USAGE = YES_ERROR;
				CLANG_WARN_DOCUMENTATION_COMMENTS = YES;
				CLANG_WARN_EMPTY_BODY = YES;
				CLANG_WARN_ENUM_CONVERSION = YES;
				CLANG_WARN_INFINITE_RECURSION = YES;
				CLANG_WARN_INT_CONVERSION = YES;
				CLANG_WARN_NON_LITERAL_NULL_CONVERSION = YES;
				CLANG_WARN_OBJC_IMPLICIT_RETAIN_SELF = YES;
				CLANG_WARN_OBJC_LITERAL_CONVERSION = YES;
				CLANG_WARN_OBJC_ROOT_CLASS = YES_ERROR;
				CLANG_WARN_QUOTED_INCLUDE_IN_FRAMEWORK_HEADER = YES;
				CLANG_WARN_RANGE_LOOP_ANALYSIS = YES;
				CLANG_WARN_STRICT_PROTOTYPES = YES;
				CLANG_WARN_SUSPICIOUS_MOVE = YES;
				CLANG_WARN_UNGUARDED_AVAILABILITY = YES_AGGRESSIVE;
				CLANG_WARN_UNREACHABLE_CODE = YES;
				CLANG_WARN__DUPLICATE_METHOD_MATCH = YES;
				COPY_PHASE_STRIP = NO;
				DEBUG_INFORMATION_FORMAT = dwarf;
				ENABLE_STRICT_OBJC_MSGSEND = YES;
				ENABLE_TESTABILITY = YES;
				GCC_C_LANGUAGE_STANDARD = gnu11;
				GCC_DYNAMIC_NO_PIC = NO;
				GCC_NO_COMMON_BLOCKS = YES;
				GCC_OPTIMIZATION_LEVEL = 0;
				GCC_PREPROCESSOR_DEFINITIONS = (
					"DEBUG=1",
					"$(inherited)",
				);
				GCC_WARN_64_TO_32_BIT_CONVERSION = YES;
				GCC_WARN_ABOUT_RETURN_TYPE = YES_ERROR;
				GCC_WARN_UNDECLARED_SELECTOR = YES;
				GCC_WARN_UNINITIALIZED_AUTOS = YES_AGGRESSIVE;
				GCC_WARN_UNUSED_FUNCTION = YES;
				GCC_WARN_UNUSED_VARIABLE = YES;
				IPHONEOS_DEPLOYMENT_TARGET = 15.2;
				MTL_ENABLE_DEBUG_INFO = INCLUDE_SOURCE;
				MTL_FAST_MATH = YES;
				ONLY_ACTIVE_ARCH = YES;
				SDKROOT = iphoneos;
				SWIFT_ACTIVE_COMPILATION_CONDITIONS = DEBUG;
				SWIFT_OPTIMIZATION_LEVEL = "-Onone";
			};
			name = Debug;
		};
		BF3A439F27D4D812001374EC /* Release */ = {
			isa = XCBuildConfiguration;
			buildSettings = {
				ALWAYS_SEARCH_USER_PATHS = NO;
				CLANG_ANALYZER_NONNULL = YES;
				CLANG_ANALYZER_NUMBER_OBJECT_CONVERSION = YES_AGGRESSIVE;
				CLANG_CXX_LANGUAGE_STANDARD = "gnu++17";
				CLANG_CXX_LIBRARY = "libc++";
				CLANG_ENABLE_MODULES = YES;
				CLANG_ENABLE_OBJC_ARC = YES;
				CLANG_ENABLE_OBJC_WEAK = YES;
				CLANG_WARN_BLOCK_CAPTURE_AUTORELEASING = YES;
				CLANG_WARN_BOOL_CONVERSION = YES;
				CLANG_WARN_COMMA = YES;
				CLANG_WARN_CONSTANT_CONVERSION = YES;
				CLANG_WARN_DEPRECATED_OBJC_IMPLEMENTATIONS = YES;
				CLANG_WARN_DIRECT_OBJC_ISA_USAGE = YES_ERROR;
				CLANG_WARN_DOCUMENTATION_COMMENTS = YES;
				CLANG_WARN_EMPTY_BODY = YES;
				CLANG_WARN_ENUM_CONVERSION = YES;
				CLANG_WARN_INFINITE_RECURSION = YES;
				CLANG_WARN_INT_CONVERSION = YES;
				CLANG_WARN_NON_LITERAL_NULL_CONVERSION = YES;
				CLANG_WARN_OBJC_IMPLICIT_RETAIN_SELF = YES;
				CLANG_WARN_OBJC_LITERAL_CONVERSION = YES;
				CLANG_WARN_OBJC_ROOT_CLASS = YES_ERROR;
				CLANG_WARN_QUOTED_INCLUDE_IN_FRAMEWORK_HEADER = YES;
				CLANG_WARN_RANGE_LOOP_ANALYSIS = YES;
				CLANG_WARN_STRICT_PROTOTYPES = YES;
				CLANG_WARN_SUSPICIOUS_MOVE = YES;
				CLANG_WARN_UNGUARDED_AVAILABILITY = YES_AGGRESSIVE;
				CLANG_WARN_UNREACHABLE_CODE = YES;
				CLANG_WARN__DUPLICATE_METHOD_MATCH = YES;
				COPY_PHASE_STRIP = NO;
				DEBUG_INFORMATION_FORMAT = "dwarf-with-dsym";
				ENABLE_NS_ASSERTIONS = NO;
				ENABLE_STRICT_OBJC_MSGSEND = YES;
				GCC_C_LANGUAGE_STANDARD = gnu11;
				GCC_NO_COMMON_BLOCKS = YES;
				GCC_WARN_64_TO_32_BIT_CONVERSION = YES;
				GCC_WARN_ABOUT_RETURN_TYPE = YES_ERROR;
				GCC_WARN_UNDECLARED_SELECTOR = YES;
				GCC_WARN_UNINITIALIZED_AUTOS = YES_AGGRESSIVE;
				GCC_WARN_UNUSED_FUNCTION = YES;
				GCC_WARN_UNUSED_VARIABLE = YES;
				IPHONEOS_DEPLOYMENT_TARGET = 15.2;
				MTL_ENABLE_DEBUG_INFO = NO;
				MTL_FAST_MATH = YES;
				SDKROOT = iphoneos;
				SWIFT_COMPILATION_MODE = wholemodule;
				SWIFT_OPTIMIZATION_LEVEL = "-O";
				VALIDATE_PRODUCT = YES;
			};
			name = Release;
		};
		BF3A43A127D4D812001374EC /* Debug */ = {
			isa = XCBuildConfiguration;
			buildSettings = {
				ASSETCATALOG_COMPILER_APPICON_NAME = AppIcon;
				ASSETCATALOG_COMPILER_GLOBAL_ACCENT_COLOR_NAME = AccentColor;
				CODE_SIGN_STYLE = Automatic;
				CURRENT_PROJECT_VERSION = 1;
				DEVELOPMENT_TEAM = H6WZ83BNAM;
				GENERATE_INFOPLIST_FILE = YES;
				INFOPLIST_FILE = RoadToLegends/Info.plist;
				INFOPLIST_KEY_UIApplicationSupportsIndirectInputEvents = YES;
				INFOPLIST_KEY_UILaunchStoryboardName = LaunchScreen;
				INFOPLIST_KEY_UIMainStoryboardFile = Main;
				INFOPLIST_KEY_UISupportedInterfaceOrientations_iPad = "UIInterfaceOrientationPortrait UIInterfaceOrientationPortraitUpsideDown UIInterfaceOrientationLandscapeLeft UIInterfaceOrientationLandscapeRight";
				INFOPLIST_KEY_UISupportedInterfaceOrientations_iPhone = "UIInterfaceOrientationPortrait UIInterfaceOrientationLandscapeLeft UIInterfaceOrientationLandscapeRight";
				LD_RUNPATH_SEARCH_PATHS = (
					"$(inherited)",
					"@executable_path/Frameworks",
				);
				MARKETING_VERSION = 1.0;
				PRODUCT_BUNDLE_IDENTIFIER = com.Kurokawa.KURO.RoadToLegends;
				PRODUCT_NAME = "$(TARGET_NAME)";
				SWIFT_EMIT_LOC_STRINGS = YES;
				SWIFT_VERSION = 5.0;
				TARGETED_DEVICE_FAMILY = "1,2";
			};
			name = Debug;
		};
		BF3A43A227D4D812001374EC /* Release */ = {
			isa = XCBuildConfiguration;
			buildSettings = {
				ASSETCATALOG_COMPILER_APPICON_NAME = AppIcon;
				ASSETCATALOG_COMPILER_GLOBAL_ACCENT_COLOR_NAME = AccentColor;
				CODE_SIGN_STYLE = Automatic;
				CURRENT_PROJECT_VERSION = 1;
				DEVELOPMENT_TEAM = H6WZ83BNAM;
				GENERATE_INFOPLIST_FILE = YES;
				INFOPLIST_FILE = RoadToLegends/Info.plist;
				INFOPLIST_KEY_UIApplicationSupportsIndirectInputEvents = YES;
				INFOPLIST_KEY_UILaunchStoryboardName = LaunchScreen;
				INFOPLIST_KEY_UIMainStoryboardFile = Main;
				INFOPLIST_KEY_UISupportedInterfaceOrientations_iPad = "UIInterfaceOrientationPortrait UIInterfaceOrientationPortraitUpsideDown UIInterfaceOrientationLandscapeLeft UIInterfaceOrientationLandscapeRight";
				INFOPLIST_KEY_UISupportedInterfaceOrientations_iPhone = "UIInterfaceOrientationPortrait UIInterfaceOrientationLandscapeLeft UIInterfaceOrientationLandscapeRight";
				LD_RUNPATH_SEARCH_PATHS = (
					"$(inherited)",
					"@executable_path/Frameworks",
				);
				MARKETING_VERSION = 1.0;
				PRODUCT_BUNDLE_IDENTIFIER = com.Kurokawa.KURO.RoadToLegends;
				PRODUCT_NAME = "$(TARGET_NAME)";
				SWIFT_EMIT_LOC_STRINGS = YES;
				SWIFT_VERSION = 5.0;
				TARGETED_DEVICE_FAMILY = "1,2";
			};
			name = Release;
		};
		BF3A43A427D4D812001374EC /* Debug */ = {
			isa = XCBuildConfiguration;
			buildSettings = {
				ALWAYS_EMBED_SWIFT_STANDARD_LIBRARIES = YES;
				BUNDLE_LOADER = "$(TEST_HOST)";
				CODE_SIGN_STYLE = Automatic;
				CURRENT_PROJECT_VERSION = 1;
				DEVELOPMENT_TEAM = H6WZ83BNAM;
				GENERATE_INFOPLIST_FILE = YES;
				IPHONEOS_DEPLOYMENT_TARGET = 15.2;
				MARKETING_VERSION = 1.0;
				PRODUCT_BUNDLE_IDENTIFIER = com.Kurokawa.KURO.RoadToLegendsTests;
				PRODUCT_NAME = "$(TARGET_NAME)";
				SWIFT_EMIT_LOC_STRINGS = NO;
				SWIFT_VERSION = 5.0;
				TARGETED_DEVICE_FAMILY = "1,2";
				TEST_HOST = "$(BUILT_PRODUCTS_DIR)/RoadToLegends.app/RoadToLegends";
			};
			name = Debug;
		};
		BF3A43A527D4D812001374EC /* Release */ = {
			isa = XCBuildConfiguration;
			buildSettings = {
				ALWAYS_EMBED_SWIFT_STANDARD_LIBRARIES = YES;
				BUNDLE_LOADER = "$(TEST_HOST)";
				CODE_SIGN_STYLE = Automatic;
				CURRENT_PROJECT_VERSION = 1;
				DEVELOPMENT_TEAM = H6WZ83BNAM;
				GENERATE_INFOPLIST_FILE = YES;
				IPHONEOS_DEPLOYMENT_TARGET = 15.2;
				MARKETING_VERSION = 1.0;
				PRODUCT_BUNDLE_IDENTIFIER = com.Kurokawa.KURO.RoadToLegendsTests;
				PRODUCT_NAME = "$(TARGET_NAME)";
				SWIFT_EMIT_LOC_STRINGS = NO;
				SWIFT_VERSION = 5.0;
				TARGETED_DEVICE_FAMILY = "1,2";
				TEST_HOST = "$(BUILT_PRODUCTS_DIR)/RoadToLegends.app/RoadToLegends";
			};
			name = Release;
		};
		BF3A43A727D4D812001374EC /* Debug */ = {
			isa = XCBuildConfiguration;
			buildSettings = {
				ALWAYS_EMBED_SWIFT_STANDARD_LIBRARIES = YES;
				CODE_SIGN_STYLE = Automatic;
				CURRENT_PROJECT_VERSION = 1;
				DEVELOPMENT_TEAM = H6WZ83BNAM;
				GENERATE_INFOPLIST_FILE = YES;
				MARKETING_VERSION = 1.0;
				PRODUCT_BUNDLE_IDENTIFIER = com.Kurokawa.KURO.RoadToLegendsUITests;
				PRODUCT_NAME = "$(TARGET_NAME)";
				SWIFT_EMIT_LOC_STRINGS = NO;
				SWIFT_VERSION = 5.0;
				TARGETED_DEVICE_FAMILY = "1,2";
				TEST_TARGET_NAME = RoadToLegends;
			};
			name = Debug;
		};
		BF3A43A827D4D812001374EC /* Release */ = {
			isa = XCBuildConfiguration;
			buildSettings = {
				ALWAYS_EMBED_SWIFT_STANDARD_LIBRARIES = YES;
				CODE_SIGN_STYLE = Automatic;
				CURRENT_PROJECT_VERSION = 1;
				DEVELOPMENT_TEAM = H6WZ83BNAM;
				GENERATE_INFOPLIST_FILE = YES;
				MARKETING_VERSION = 1.0;
				PRODUCT_BUNDLE_IDENTIFIER = com.Kurokawa.KURO.RoadToLegendsUITests;
				PRODUCT_NAME = "$(TARGET_NAME)";
				SWIFT_EMIT_LOC_STRINGS = NO;
				SWIFT_VERSION = 5.0;
				TARGETED_DEVICE_FAMILY = "1,2";
				TEST_TARGET_NAME = RoadToLegends;
			};
			name = Release;
		};
/* End XCBuildConfiguration section */

/* Begin XCConfigurationList section */
		BF3A437127D4D811001374EC /* Build configuration list for PBXProject "RoadToLegends" */ = {
			isa = XCConfigurationList;
			buildConfigurations = (
				BF3A439E27D4D812001374EC /* Debug */,
				BF3A439F27D4D812001374EC /* Release */,
			);
			defaultConfigurationIsVisible = 0;
			defaultConfigurationName = Release;
		};
		BF3A43A027D4D812001374EC /* Build configuration list for PBXNativeTarget "RoadToLegends" */ = {
			isa = XCConfigurationList;
			buildConfigurations = (
				BF3A43A127D4D812001374EC /* Debug */,
				BF3A43A227D4D812001374EC /* Release */,
			);
			defaultConfigurationIsVisible = 0;
			defaultConfigurationName = Release;
		};
		BF3A43A327D4D812001374EC /* Build configuration list for PBXNativeTarget "RoadToLegendsTests" */ = {
			isa = XCConfigurationList;
			buildConfigurations = (
				BF3A43A427D4D812001374EC /* Debug */,
				BF3A43A527D4D812001374EC /* Release */,
			);
			defaultConfigurationIsVisible = 0;
			defaultConfigurationName = Release;
		};
		BF3A43A627D4D812001374EC /* Build configuration list for PBXNativeTarget "RoadToLegendsUITests" */ = {
			isa = XCConfigurationList;
			buildConfigurations = (
				BF3A43A727D4D812001374EC /* Debug */,
				BF3A43A827D4D812001374EC /* Release */,
			);
			defaultConfigurationIsVisible = 0;
			defaultConfigurationName = Release;
		};
/* End XCConfigurationList section */
	};
	rootObject = BF3A436E27D4D811001374EC /* Project object */;
}
